# This file was autogenerated by uv via the following command:
#    uv pip compile requirements.txt -o uv.lock
annotated-types==0.7.0
    # via pydantic
anyio==4.9.0
    # via
    #   httpx
    #   openai
attrs==25.3.0
    # via
    #   jsonschema
    #   referencing
av==14.4.0
    # via picamera2
certifi==2025.4.26
    # via
    #   httpcore
    #   httpx
    #   requests
charset-normalizer==3.4.2
    # via requests
distro==1.9.0
    # via openai
exceptiongroup==1.3.0
    # via anyio
h11==0.16.0
    # via httpcore
httpcore==1.0.9
    # via httpx
httpx==0.28.1
    # via openai
idna==3.10
    # via
    #   anyio
    #   httpx
    #   requests
jiter==0.10.0
    # via openai
jsonschema==4.23.0
    # via picamera2
jsonschema-specifications==2025.4.1
    # via jsonschema
libarchive-c==5.2
    # via picamera2
numpy==2.2.6
    # via
    #   -r requirements.txt
    #   opencv-python
    #   picamera2
    #   pidng
    #   simplejpeg
openai==1.79.0
    # via -r requirements.txt
opencv-python==4.11.0.86
    # via -r requirements.txt
picamera2==0.3.27
    # via -r requirements.txt
pidng==4.0.9
    # via picamera2
piexif==1.1.3
    # via picamera2
pillow==11.2.1
    # via
    #   -r requirements.txt
    #   picamera2
pydantic==2.11.4
    # via openai
pydantic-core==2.33.2
    # via pydantic
python-prctl==1.8.1
    # via picamera2
referencing==0.36.2
    # via
    #   jsonschema
    #   jsonschema-specifications
requests==2.32.3
    # via -r requirements.txt
rpds-py==0.25.0
    # via
    #   jsonschema
    #   referencing
simplejpeg==1.8.2
    # via picamera2
sniffio==1.3.1
    # via
    #   anyio
    #   openai
tqdm==4.67.1
    # via
    #   openai
    #   picamera2
typing-extensions==4.13.2
    # via
    #   anyio
    #   exceptiongroup
    #   openai
    #   pydantic
    #   pydantic-core
    #   referencing
    #   typing-inspection
typing-inspection==0.4.0
    # via pydantic
urllib3==2.4.0
    # via requests
v4l2-python3==0.3.5
    # via picamera2
